version: 1.0
shards:
  crystal-argon2:
    github: sushichain/crystal-argon2
    version: 0.1.0

  crystal-ecdsa:
    github: sushichain/crystal-ecdsa
    version: 0.1.1

  db:
    github: crystal-lang/crystal-db
    version: 0.5.1

  humanhash:
    github: kingsleyh/humanhash
    version: 0.1.1

  radix:
    github: luislavena/radix
    version: 0.3.9

  router:
    github: tbrand/router.cr
    version: 0.2.7

  scrypt:
    github: ysbaddaden/scrypt-crystal
    version: 0.2.2

  sqlite3:
    github: crystal-lang/crystal-sqlite3
    version: 0.11.0

  tokoroten:
    github: tbrand/tokoroten
    version: 0.1.3

