version: 2.0
shards:
  ameba:
    git: https://github.com/veelenga/ameba.git
    version: 0.13.4

  baked_file_system:
    git: https://github.com/axentro/baked_file_system.git
    version: 0.9.9

  crest:
    git: https://github.com/mamantoha/crest.git
    version: 0.26.7

  crometheus:
    git: https://github.com/darwinnn/crometheus.git
    version: 0.3.0+git.commit.8a748b734db4b80d5fd73d3c404cb2510eba3597

  crystal-argon2:
    git: https://github.com/axentro/crystal-argon2.git
    version: 0.1.2

  db:
    git: https://github.com/crystal-lang/crystal-db.git
    version: 0.10.0

  defense:
    git: https://github.com/defense-cr/defense.git
    version: 0.3.0

  ed25519-hd:
    git: https://github.com/axentro/ed25519-hd.git
    version: 0.1.2

  http-client-digest_auth:
    git: https://github.com/mamantoha/http-client-digest_auth.git
    version: 0.6.0

  http_proxy:
    git: https://github.com/mamantoha/http_proxy.git
    version: 0.8.0

  humanhash:
    git: https://github.com/kingsleyh/humanhash.git
    version: 0.1.2

  i18n:
    git: https://github.com/TechMagister/i18n.cr.git
    version: 0.3.1

  json_mapping:
    git: https://github.com/crystal-lang/json_mapping.cr.git
    version: 0.1.0

  mg:
    git: https://github.com/hkalexling/mg.git
    version: 0.4.0+git.commit.2cb21417e7793cd9b0dadf5c5888ee2c2f1e39b4

  monocypher:
    git: https://github.com/axentro/monocypher.cr.git
    version: 3.1.1

  myhtml:
    git: https://github.com/kostya/myhtml.git
    version: 1.5.3

  pool:
    git: https://github.com/ysbaddaden/pool.git
    version: 0.2.3

  radix:
    git: https://github.com/luislavena/radix.git
    version: 0.4.0

  rate_limiter:
    git: https://github.com/z64/rate_limiter.git
    version: 0.1.0+git.commit.e63f0b1d8e17105d7dc8bb875462693caf221499

  redis:
    git: https://github.com/stefanwille/crystal-redis.git
    version: 2.6.0

  router:
    git: https://github.com/tbrand/router.cr.git
    version: 0.2.7

  spinach:
    git: https://github.com/axentro/spinach.git
    version: 0.1.8

  sqlite3:
    git: https://github.com/crystal-lang/crystal-sqlite3.git
    version: 0.18.0

  tallboy:
    git: https://github.com/epoch/tallboy.git
    version: 0.9.3

  tokoroten:
    git: https://github.com/tbrand/tokoroten.git
    version: 0.1.3

