version: 1.0
shards:
  crystal-base32:
    github: SushiChain/crystal-base32
    commit: b013e73c44fcbe7a4b20a46b5b1d959efcc70bad

  crystal-two-factor-auth:
    github: SushiChain/crystal-two-factor-auth
    commit: 3e3b54dca6d10ef557344ca84196ca832bd6fa5d

  db:
    github: crystal-lang/crystal-db
    version: 0.5.0

  radix:
    github: luislavena/radix
    version: 0.3.8

  router:
    github: tbrand/router.cr
    version: 0.2.3

  scrypt:
    github: ysbaddaden/scrypt-crystal
    version: 0.2.2

  sqlite3:
    github: crystal-lang/crystal-sqlite3
    version: 0.9.0

  tokoroten:
    github: tbrand/tokoroten
    version: 0.1.2

